PODS:
  - Mars-iOS/Core (0.0.1)
  - Mars-iOS/Swift (0.0.1):
    - Mars-iOS/Core
  - SwiftFormat/CLI (0.51.2)

DEPENDENCIES:
  - Mars-iOS/Swift (from `../`)
  - SwiftFormat/CLI

SPEC REPOS:
  https://github.com/CocoaPods/Specs.git:
    - SwiftFormat

EXTERNAL SOURCES:
  Mars-iOS:
    :path: "../"

SPEC CHECKSUMS:
  Mars-iOS: f35fa7afc2357fac3de84306e13b2aef078c25f6
  SwiftFormat: 8904869cd98b67b351c3ab5dea605d00db320e14

PODFILE CHECKSUM: bba9dff38d861ee55fa7e9927cbde0aff1d18382

COCOAPODS: 1.12.0
